
Microsoft Visual Studio Solution File, Format Version 12.00
# Visual Studio Version 16
VisualStudioVersion = 16.0.31402.337
MinimumVisualStudioVersion = 10.0.40219.1
Project("{FAE04EC0-301F-11D3-BF4B-00C04F79EFBC}") = "RestaurantDb", "RestaurantDb\RestaurantDb.csproj", "{4D136924-9178-48B3-AD6D-31FA23D7615C}"
EndProject
Project("{2150E333-8FDC-42A3-9474-1A3956D46DE8}") = "NewFolder1", "NewFolder1", "{37687F98-43FC-4016-AFAE-3B7F026FE9F9}"
EndProject
Global
	GlobalSection(SolutionConfigurationPlatforms) = preSolution
		Debug|Any CPU = Debug|Any CPU
		Release|Any CPU = Release|Any CPU
	EndGlobalSection
	GlobalSection(ProjectConfigurationPlatforms) = postSolution
		{4D136924-9178-48B3-AD6D-31FA23D7615C}.Debug|Any CPU.ActiveCfg = Debug|Any CPU
		{4D136924-9178-48B3-AD6D-31FA23D7615C}.Debug|Any CPU.Build.0 = Debug|Any CPU
		{4D136924-9178-48B3-AD6D-31FA23D7615C}.Release|Any CPU.ActiveCfg = Release|Any CPU
		{4D136924-9178-48B3-AD6D-31FA23D7615C}.Release|Any CPU.Build.0 = Release|Any CPU
	EndGlobalSection
	GlobalSection(SolutionProperties) = preSolution
		HideSolutionNode = FALSE
	EndGlobalSection
	GlobalSection(ExtensibilityGlobals) = postSolution
		SolutionGuid = {74B2C873-D485-4DDE-AD08-BABCDE2161F3}
	EndGlobalSection
EndGlobal
